
Microsoft Visual Studio Solution File, Format Version 12.00
# Visual Studio 15
VisualStudioVersion = 15.0.27130.2020
MinimumVisualStudioVersion = 10.0.40219.1
Project("{8BC9CEB8-8B4A-11D0-8D11-00A0C91BC942}") = "Project1", "Project1\Project1.vcxproj", "{583EF97F-2025-4608-8E01-DFDC8AE6FCD7}"
EndProject
Project("{8BC9CEB8-8B4A-11D0-8D11-00A0C91BC942}") = "baselib", "baselib\baselib.vcxproj", "{0D52338C-0AF2-41AB-BE19-84B5A5997E14}"
EndProject
Project("{8BC9CEB8-8B4A-11D0-8D11-00A0C91BC942}") = "app", "app\app.vcxproj", "{9314DA92-3FBD-4E26-A5DF-D8C5912189FC}"
EndProject
Global
	GlobalSection(SolutionConfigurationPlatforms) = preSolution
		Debug|x64 = Debug|x64
		Debug|x86 = Debug|x86
		Release|x64 = Release|x64
		Release|x86 = Release|x86
	EndGlobalSection
	GlobalSection(ProjectConfigurationPlatforms) = postSolution
		{583EF97F-2025-4608-8E01-DFDC8AE6FCD7}.Debug|x64.ActiveCfg = Debug|x64
		{583EF97F-2025-4608-8E01-DFDC8AE6FCD7}.Debug|x64.Build.0 = Debug|x64
		{583EF97F-2025-4608-8E01-DFDC8AE6FCD7}.Debug|x86.ActiveCfg = Debug|Win32
		{583EF97F-2025-4608-8E01-DFDC8AE6FCD7}.Debug|x86.Build.0 = Debug|Win32
		{583EF97F-2025-4608-8E01-DFDC8AE6FCD7}.Release|x64.ActiveCfg = Release|x64
		{583EF97F-2025-4608-8E01-DFDC8AE6FCD7}.Release|x64.Build.0 = Release|x64
		{583EF97F-2025-4608-8E01-DFDC8AE6FCD7}.Release|x86.ActiveCfg = Release|Win32
		{583EF97F-2025-4608-8E01-DFDC8AE6FCD7}.Release|x86.Build.0 = Release|Win32
		{0D52338C-0AF2-41AB-BE19-84B5A5997E14}.Debug|x64.ActiveCfg = Debug|x64
		{0D52338C-0AF2-41AB-BE19-84B5A5997E14}.Debug|x64.Build.0 = Debug|x64
		{0D52338C-0AF2-41AB-BE19-84B5A5997E14}.Debug|x86.ActiveCfg = Debug|Win32
		{0D52338C-0AF2-41AB-BE19-84B5A5997E14}.Debug|x86.Build.0 = Debug|Win32
		{0D52338C-0AF2-41AB-BE19-84B5A5997E14}.Release|x64.ActiveCfg = Release|x64
		{0D52338C-0AF2-41AB-BE19-84B5A5997E14}.Release|x64.Build.0 = Release|x64
		{0D52338C-0AF2-41AB-BE19-84B5A5997E14}.Release|x86.ActiveCfg = Release|Win32
		{0D52338C-0AF2-41AB-BE19-84B5A5997E14}.Release|x86.Build.0 = Release|Win32
		{9314DA92-3FBD-4E26-A5DF-D8C5912189FC}.Debug|x64.ActiveCfg = Debug|x64
		{9314DA92-3FBD-4E26-A5DF-D8C5912189FC}.Debug|x64.Build.0 = Debug|x64
		{9314DA92-3FBD-4E26-A5DF-D8C5912189FC}.Debug|x86.ActiveCfg = Debug|Win32
		{9314DA92-3FBD-4E26-A5DF-D8C5912189FC}.Debug|x86.Build.0 = Debug|Win32
		{9314DA92-3FBD-4E26-A5DF-D8C5912189FC}.Release|x64.ActiveCfg = Release|x64
		{9314DA92-3FBD-4E26-A5DF-D8C5912189FC}.Release|x64.Build.0 = Release|x64
		{9314DA92-3FBD-4E26-A5DF-D8C5912189FC}.Release|x86.ActiveCfg = Release|Win32
		{9314DA92-3FBD-4E26-A5DF-D8C5912189FC}.Release|x86.Build.0 = Release|Win32
	EndGlobalSection
	GlobalSection(SolutionProperties) = preSolution
		HideSolutionNode = FALSE
	EndGlobalSection
	GlobalSection(ExtensibilityGlobals) = postSolution
		SolutionGuid = {B11163A5-023B-4AE9-A98F-C3B9C7CFC251}
	EndGlobalSection
EndGlobal
